// !$*UTF8*$!
{
	archiveVersion = 1;
	classes = {
	};
	objectVersion = 56;
	objects = {

/* Begin PBXBuildFile section */
		068524FF1E5678F1AE3ACC65 /* Pods_instagram_ios_duckduck.framework in Frameworks */ = {isa = PBXBuildFile; fileRef = E682E41E4624A67CA8390655 /* Pods_instagram_ios_duckduck.framework */; };
		C7552935290CDE5C008B370A /* AppDelegate.swift in Sources */ = {isa = PBXBuildFile; fileRef = C7552934290CDE5C008B370A /* AppDelegate.swift */; };
		C7552937290CDE5C008B370A /* SceneDelegate.swift in Sources */ = {isa = PBXBuildFile; fileRef = C7552936290CDE5C008B370A /* SceneDelegate.swift */; };
		C7552939290CDE5C008B370A /* ViewController.swift in Sources */ = {isa = PBXBuildFile; fileRef = C7552938290CDE5C008B370A /* ViewController.swift */; };
		C755293C290CDE5C008B370A /* Main.storyboard in Resources */ = {isa = PBXBuildFile; fileRef = C755293A290CDE5C008B370A /* Main.storyboard */; };
		C755293E290CDE5F008B370A /* Assets.xcassets in Resources */ = {isa = PBXBuildFile; fileRef = C755293D290CDE5F008B370A /* Assets.xcassets */; };
		C7552941290CDE5F008B370A /* LaunchScreen.storyboard in Resources */ = {isa = PBXBuildFile; fileRef = C755293F290CDE5F008B370A /* LaunchScreen.storyboard */; };
		C7552954290EEE03008B370A /* facebook_logo.png in Resources */ = {isa = PBXBuildFile; fileRef = C7552952290EEE03008B370A /* facebook_logo.png */; };
		C7552957290EEECF008B370A /* Instagram_logo.png in Resources */ = {isa = PBXBuildFile; fileRef = C7552956290EEECF008B370A /* Instagram_logo.png */; };
/* End PBXBuildFile section */

/* Begin PBXFileReference section */
		A75A61C3872F6167B87461F7 /* Pods-instagram_ios_duckduck.debug.xcconfig */ = {isa = PBXFileReference; includeInIndex = 1; lastKnownFileType = text.xcconfig; name = "Pods-instagram_ios_duckduck.debug.xcconfig"; path = "Target Support Files/Pods-instagram_ios_duckduck/Pods-instagram_ios_duckduck.debug.xcconfig"; sourceTree = "<group>"; };
		ACD47EE4DBBECFEC3A310278 /* Pods-instagram_ios_duckduck.release.xcconfig */ = {isa = PBXFileReference; includeInIndex = 1; lastKnownFileType = text.xcconfig; name = "Pods-instagram_ios_duckduck.release.xcconfig"; path = "Target Support Files/Pods-instagram_ios_duckduck/Pods-instagram_ios_duckduck.release.xcconfig"; sourceTree = "<group>"; };
		C7552931290CDE5C008B370A /* instagram_ios_duckduck.app */ = {isa = PBXFileReference; explicitFileType = wrapper.application; includeInIndex = 0; path = instagram_ios_duckduck.app; sourceTree = BUILT_PRODUCTS_DIR; };
		C7552934290CDE5C008B370A /* AppDelegate.swift */ = {isa = PBXFileReference; lastKnownFileType = sourcecode.swift; path = AppDelegate.swift; sourceTree = "<group>"; };
		C7552936290CDE5C008B370A /* SceneDelegate.swift */ = {isa = PBXFileReference; lastKnownFileType = sourcecode.swift; path = SceneDelegate.swift; sourceTree = "<group>"; };
		C7552938290CDE5C008B370A /* ViewController.swift */ = {isa = PBXFileReference; lastKnownFileType = sourcecode.swift; path = ViewController.swift; sourceTree = "<group>"; };
		C755293B290CDE5C008B370A /* Base */ = {isa = PBXFileReference; lastKnownFileType = file.storyboard; name = Base; path = Base.lproj/Main.storyboard; sourceTree = "<group>"; };
		C755293D290CDE5F008B370A /* Assets.xcassets */ = {isa = PBXFileReference; lastKnownFileType = folder.assetcatalog; path = Assets.xcassets; sourceTree = "<group>"; };
		C7552940290CDE5F008B370A /* Base */ = {isa = PBXFileReference; lastKnownFileType = file.storyboard; name = Base; path = Base.lproj/LaunchScreen.storyboard; sourceTree = "<group>"; };
		C7552942290CDE5F008B370A /* Info.plist */ = {isa = PBXFileReference; lastKnownFileType = text.plist.xml; path = Info.plist; sourceTree = "<group>"; };
		C7552952290EEE03008B370A /* facebook_logo.png */ = {isa = PBXFileReference; lastKnownFileType = image.png; path = facebook_logo.png; sourceTree = "<group>"; };
		C7552956290EEECF008B370A /* Instagram_logo.png */ = {isa = PBXFileReference; lastKnownFileType = image.png; path = Instagram_logo.png; sourceTree = "<group>"; };
		E682E41E4624A67CA8390655 /* Pods_instagram_ios_duckduck.framework */ = {isa = PBXFileReference; explicitFileType = wrapper.framework; includeInIndex = 0; path = Pods_instagram_ios_duckduck.framework; sourceTree = BUILT_PRODUCTS_DIR; };
/* End PBXFileReference section */

/* Begin PBXFrameworksBuildPhase section */
		C755292E290CDE5C008B370A /* Frameworks */ = {
			isa = PBXFrameworksBuildPhase;
			buildActionMask = 2147483647;
			files = (
				068524FF1E5678F1AE3ACC65 /* Pods_instagram_ios_duckduck.framework in Frameworks */,
			);
			runOnlyForDeploymentPostprocessing = 0;
		};
/* End PBXFrameworksBuildPhase section */

/* Begin PBXGroup section */
		6741F7668DB5609A2E5352E4 /* Frameworks */ = {
			isa = PBXGroup;
			children = (
				E682E41E4624A67CA8390655 /* Pods_instagram_ios_duckduck.framework */,
			);
			name = Frameworks;
			sourceTree = "<group>";
		};
		C08597CB80BA10E0F3010DD8 /* Pods */ = {
			isa = PBXGroup;
			children = (
				A75A61C3872F6167B87461F7 /* Pods-instagram_ios_duckduck.debug.xcconfig */,
				ACD47EE4DBBECFEC3A310278 /* Pods-instagram_ios_duckduck.release.xcconfig */,
			);
			path = Pods;
			sourceTree = "<group>";
		};
		C7552928290CDE5B008B370A = {
			isa = PBXGroup;
			children = (
				C7552933290CDE5C008B370A /* instagram_ios_duckduck */,
				C7552932290CDE5C008B370A /* Products */,
				C08597CB80BA10E0F3010DD8 /* Pods */,
				6741F7668DB5609A2E5352E4 /* Frameworks */,
			);
			sourceTree = "<group>";
		};
		C7552932290CDE5C008B370A /* Products */ = {
			isa = PBXGroup;
			children = (
				C7552931290CDE5C008B370A /* instagram_ios_duckduck.app */,
			);
			name = Products;
			sourceTree = "<group>";
		};
		C7552933290CDE5C008B370A /* instagram_ios_duckduck */ = {
			isa = PBXGroup;
			children = (
				C755294E290EEDBE008B370A /* Configuration */,
				C7552958290EF2A9008B370A /* Util */,
				C7552948290EDEF9008B370A /* Source */,
				C7552934290CDE5C008B370A /* AppDelegate.swift */,
				C7552936290CDE5C008B370A /* SceneDelegate.swift */,
				C755293D290CDE5F008B370A /* Assets.xcassets */,
				C755293F290CDE5F008B370A /* LaunchScreen.storyboard */,
				C7552942290CDE5F008B370A /* Info.plist */,
			);
			path = instagram_ios_duckduck;
			sourceTree = "<group>";
		};
		C7552948290EDEF9008B370A /* Source */ = {
			isa = PBXGroup;
			children = (
				C755293A290CDE5C008B370A /* Main.storyboard */,
				C7552938290CDE5C008B370A /* ViewController.swift */,
				C7552949290EDFD9008B370A /* Main */,
			);
			path = Source;
			sourceTree = "<group>";
		};
		C7552949290EDFD9008B370A /* Main */ = {
			isa = PBXGroup;
			children = (
				C755294B290EE332008B370A /* Action */,
				C755294A290EDFF9008B370A /* Network */,
			);
			path = Main;
			sourceTree = "<group>";
		};
		C755294A290EDFF9008B370A /* Network */ = {
			isa = PBXGroup;
			children = (
			);
			path = Network;
			sourceTree = "<group>";
		};
		C755294B290EE332008B370A /* Action */ = {
			isa = PBXGroup;
			children = (
				C755294D290EE88C008B370A /* Transition */,
				C755294C290EE345008B370A /* Alert */,
			);
			path = Action;
			sourceTree = "<group>";
		};
		C755294C290EE345008B370A /* Alert */ = {
			isa = PBXGroup;
			children = (
			);
			path = Alert;
			sourceTree = "<group>";
		};
		C755294D290EE88C008B370A /* Transition */ = {
			isa = PBXGroup;
			children = (
			);
			path = Transition;
			sourceTree = "<group>";
		};
		C755294E290EEDBE008B370A /* Configuration */ = {
			isa = PBXGroup;
			children = (
				C755294F290EEDD8008B370A /* Images */,
				C7552955290EEE24008B370A /* Base */,
			);
			path = Configuration;
			sourceTree = "<group>";
		};
		C755294F290EEDD8008B370A /* Images */ = {
			isa = PBXGroup;
			children = (
				C7552950290EEDF5008B370A /* Logo */,
			);
			path = Images;
			sourceTree = "<group>";
		};
		C7552950290EEDF5008B370A /* Logo */ = {
			isa = PBXGroup;
			children = (
				C7552952290EEE03008B370A /* facebook_logo.png */,
				C7552956290EEECF008B370A /* Instagram_logo.png */,
			);
			path = Logo;
			sourceTree = "<group>";
		};
		C7552955290EEE24008B370A /* Base */ = {
			isa = PBXGroup;
			children = (
			);
			path = Base;
			sourceTree = "<group>";
		};
		C7552958290EF2A9008B370A /* Util */ = {
			isa = PBXGroup;
			children = (
				C7552959290EF2D4008B370A /* Extension */,
			);
			path = Util;
			sourceTree = "<group>";
		};
		C7552959290EF2D4008B370A /* Extension */ = {
			isa = PBXGroup;
			children = (
			);
			path = Extension;
			sourceTree = "<group>";
		};
/* End PBXGroup section */

/* Begin PBXNativeTarget section */
		C7552930290CDE5C008B370A /* instagram_ios_duckduck */ = {
			isa = PBXNativeTarget;
			buildConfigurationList = C7552945290CDE5F008B370A /* Build configuration list for PBXNativeTarget "instagram_ios_duckduck" */;
			buildPhases = (
				7AB33CE430EEAA83B6A63252 /* [CP] Check Pods Manifest.lock */,
				C755292D290CDE5C008B370A /* Sources */,
				C755292E290CDE5C008B370A /* Frameworks */,
				C755292F290CDE5C008B370A /* Resources */,
				3978C3B337EBF3A0A02F3E9E /* [CP] Embed Pods Frameworks */,
			);
			buildRules = (
			);
			dependencies = (
			);
			name = instagram_ios_duckduck;
			productName = instagram_ios_duckduck;
			productReference = C7552931290CDE5C008B370A /* instagram_ios_duckduck.app */;
			productType = "com.apple.product-type.application";
		};
/* End PBXNativeTarget section */

/* Begin PBXProject section */
		C7552929290CDE5B008B370A /* Project object */ = {
			isa = PBXProject;
			attributes = {
				BuildIndependentTargetsInParallel = 1;
				LastSwiftUpdateCheck = 1410;
				LastUpgradeCheck = 1410;
				TargetAttributes = {
					C7552930290CDE5C008B370A = {
						CreatedOnToolsVersion = 14.1;
					};
				};
			};
			buildConfigurationList = C755292C290CDE5B008B370A /* Build configuration list for PBXProject "instagram_ios_duckduck" */;
			compatibilityVersion = "Xcode 14.0";
			developmentRegion = en;
			hasScannedForEncodings = 0;
			knownRegions = (
				en,
				Base,
			);
			mainGroup = C7552928290CDE5B008B370A;
			productRefGroup = C7552932290CDE5C008B370A /* Products */;
			projectDirPath = "";
			projectRoot = "";
			targets = (
				C7552930290CDE5C008B370A /* instagram_ios_duckduck */,
			);
		};
/* End PBXProject section */

/* Begin PBXResourcesBuildPhase section */
		C755292F290CDE5C008B370A /* Resources */ = {
			isa = PBXResourcesBuildPhase;
			buildActionMask = 2147483647;
			files = (
				C7552954290EEE03008B370A /* facebook_logo.png in Resources */,
				C7552941290CDE5F008B370A /* LaunchScreen.storyboard in Resources */,
				C7552957290EEECF008B370A /* Instagram_logo.png in Resources */,
				C755293E290CDE5F008B370A /* Assets.xcassets in Resources */,
				C755293C290CDE5C008B370A /* Main.storyboard in Resources */,
			);
			runOnlyForDeploymentPostprocessing = 0;
		};
/* End PBXResourcesBuildPhase section */

/* Begin PBXShellScriptBuildPhase section */
		3978C3B337EBF3A0A02F3E9E /* [CP] Embed Pods Frameworks */ = {
			isa = PBXShellScriptBuildPhase;
			buildActionMask = 2147483647;
			files = (
			);
			inputFileListPaths = (
				"${PODS_ROOT}/Target Support Files/Pods-instagram_ios_duckduck/Pods-instagram_ios_duckduck-frameworks-${CONFIGURATION}-input-files.xcfilelist",
			);
			name = "[CP] Embed Pods Frameworks";
			outputFileListPaths = (
				"${PODS_ROOT}/Target Support Files/Pods-instagram_ios_duckduck/Pods-instagram_ios_duckduck-frameworks-${CONFIGURATION}-output-files.xcfilelist",
			);
			runOnlyForDeploymentPostprocessing = 0;
			shellPath = /bin/sh;
			shellScript = "\"${PODS_ROOT}/Target Support Files/Pods-instagram_ios_duckduck/Pods-instagram_ios_duckduck-frameworks.sh\"\n";
			showEnvVarsInLog = 0;
		};
		7AB33CE430EEAA83B6A63252 /* [CP] Check Pods Manifest.lock */ = {
			isa = PBXShellScriptBuildPhase;
			buildActionMask = 2147483647;
			files = (
			);
			inputFileListPaths = (
			);
			inputPaths = (
				"${PODS_PODFILE_DIR_PATH}/Podfile.lock",
				"${PODS_ROOT}/Manifest.lock",
			);
			name = "[CP] Check Pods Manifest.lock";
			outputFileListPaths = (
			);
			outputPaths = (
				"$(DERIVED_FILE_DIR)/Pods-instagram_ios_duckduck-checkManifestLockResult.txt",
			);
			runOnlyForDeploymentPostprocessing = 0;
			shellPath = /bin/sh;
			shellScript = "diff \"${PODS_PODFILE_DIR_PATH}/Podfile.lock\" \"${PODS_ROOT}/Manifest.lock\" > /dev/null\nif [ $? != 0 ] ; then\n    # print error to STDERR\n    echo \"error: The sandbox is not in sync with the Podfile.lock. Run 'pod install' or update your CocoaPods installation.\" >&2\n    exit 1\nfi\n# This output is used by Xcode 'outputs' to avoid re-running this script phase.\necho \"SUCCESS\" > \"${SCRIPT_OUTPUT_FILE_0}\"\n";
			showEnvVarsInLog = 0;
		};
/* End PBXShellScriptBuildPhase section */

/* Begin PBXSourcesBuildPhase section */
		C755292D290CDE5C008B370A /* Sources */ = {
			isa = PBXSourcesBuildPhase;
			buildActionMask = 2147483647;
			files = (
				C7552939290CDE5C008B370A /* ViewController.swift in Sources */,
				C7552935290CDE5C008B370A /* AppDelegate.swift in Sources */,
				C7552937290CDE5C008B370A /* SceneDelegate.swift in Sources */,
			);
			runOnlyForDeploymentPostprocessing = 0;
		};
/* End PBXSourcesBuildPhase section */

/* Begin PBXVariantGroup section */
		C755293A290CDE5C008B370A /* Main.storyboard */ = {
			isa = PBXVariantGroup;
			children = (
				C755293B290CDE5C008B370A /* Base */,
			);
			name = Main.storyboard;
			sourceTree = "<group>";
		};
		C755293F290CDE5F008B370A /* LaunchScreen.storyboard */ = {
			isa = PBXVariantGroup;
			children = (
				C7552940290CDE5F008B370A /* Base */,
			);
			name = LaunchScreen.storyboard;
			sourceTree = "<group>";
		};
/* End PBXVariantGroup section */

/* Begin XCBuildConfiguration section */
		C7552943290CDE5F008B370A /* Debug */ = {
			isa = XCBuildConfiguration;
			buildSettings = {
				ALWAYS_SEARCH_USER_PATHS = NO;
				CLANG_ANALYZER_NONNULL = YES;
				CLANG_ANALYZER_NUMBER_OBJECT_CONVERSION = YES_AGGRESSIVE;
				CLANG_CXX_LANGUAGE_STANDARD = "gnu++20";
				CLANG_ENABLE_MODULES = YES;
				CLANG_ENABLE_OBJC_ARC = YES;
				CLANG_ENABLE_OBJC_WEAK = YES;
				CLANG_WARN_BLOCK_CAPTURE_AUTORELEASING = YES;
				CLANG_WARN_BOOL_CONVERSION = YES;
				CLANG_WARN_COMMA = YES;
				CLANG_WARN_CONSTANT_CONVERSION = YES;
				CLANG_WARN_DEPRECATED_OBJC_IMPLEMENTATIONS = YES;
				CLANG_WARN_DIRECT_OBJC_ISA_USAGE = YES_ERROR;
				CLANG_WARN_DOCUMENTATION_COMMENTS = YES;
				CLANG_WARN_EMPTY_BODY = YES;
				CLANG_WARN_ENUM_CONVERSION = YES;
				CLANG_WARN_INFINITE_RECURSION = YES;
				CLANG_WARN_INT_CONVERSION = YES;
				CLANG_WARN_NON_LITERAL_NULL_CONVERSION = YES;
				CLANG_WARN_OBJC_IMPLICIT_RETAIN_SELF = YES;
				CLANG_WARN_OBJC_LITERAL_CONVERSION = YES;
				CLANG_WARN_OBJC_ROOT_CLASS = YES_ERROR;
				CLANG_WARN_QUOTED_INCLUDE_IN_FRAMEWORK_HEADER = YES;
				CLANG_WARN_RANGE_LOOP_ANALYSIS = YES;
				CLANG_WARN_STRICT_PROTOTYPES = YES;
				CLANG_WARN_SUSPICIOUS_MOVE = YES;
				CLANG_WARN_UNGUARDED_AVAILABILITY = YES_AGGRESSIVE;
				CLANG_WARN_UNREACHABLE_CODE = YES;
				CLANG_WARN__DUPLICATE_METHOD_MATCH = YES;
				COPY_PHASE_STRIP = NO;
				DEBUG_INFORMATION_FORMAT = dwarf;
				ENABLE_STRICT_OBJC_MSGSEND = YES;
				ENABLE_TESTABILITY = YES;
				GCC_C_LANGUAGE_STANDARD = gnu11;
				GCC_DYNAMIC_NO_PIC = NO;
				GCC_NO_COMMON_BLOCKS = YES;
				GCC_OPTIMIZATION_LEVEL = 0;
				GCC_PREPROCESSOR_DEFINITIONS = (
					"DEBUG=1",
					"$(inherited)",
				);
				GCC_WARN_64_TO_32_BIT_CONVERSION = YES;
				GCC_WARN_ABOUT_RETURN_TYPE = YES_ERROR;
				GCC_WARN_UNDECLARED_SELECTOR = YES;
				GCC_WARN_UNINITIALIZED_AUTOS = YES_AGGRESSIVE;
				GCC_WARN_UNUSED_FUNCTION = YES;
				GCC_WARN_UNUSED_VARIABLE = YES;
				IPHONEOS_DEPLOYMENT_TARGET = 16.1;
				MTL_ENABLE_DEBUG_INFO = INCLUDE_SOURCE;
				MTL_FAST_MATH = YES;
				ONLY_ACTIVE_ARCH = YES;
				SDKROOT = iphoneos;
				SWIFT_ACTIVE_COMPILATION_CONDITIONS = DEBUG;
				SWIFT_OPTIMIZATION_LEVEL = "-Onone";
			};
			name = Debug;
		};
		C7552944290CDE5F008B370A /* Release */ = {
			isa = XCBuildConfiguration;
			buildSettings = {
				ALWAYS_SEARCH_USER_PATHS = NO;
				CLANG_ANALYZER_NONNULL = YES;
				CLANG_ANALYZER_NUMBER_OBJECT_CONVERSION = YES_AGGRESSIVE;
				CLANG_CXX_LANGUAGE_STANDARD = "gnu++20";
				CLANG_ENABLE_MODULES = YES;
				CLANG_ENABLE_OBJC_ARC = YES;
				CLANG_ENABLE_OBJC_WEAK = YES;
				CLANG_WARN_BLOCK_CAPTURE_AUTORELEASING = YES;
				CLANG_WARN_BOOL_CONVERSION = YES;
				CLANG_WARN_COMMA = YES;
				CLANG_WARN_CONSTANT_CONVERSION = YES;
				CLANG_WARN_DEPRECATED_OBJC_IMPLEMENTATIONS = YES;
				CLANG_WARN_DIRECT_OBJC_ISA_USAGE = YES_ERROR;
				CLANG_WARN_DOCUMENTATION_COMMENTS = YES;
				CLANG_WARN_EMPTY_BODY = YES;
				CLANG_WARN_ENUM_CONVERSION = YES;
				CLANG_WARN_INFINITE_RECURSION = YES;
				CLANG_WARN_INT_CONVERSION = YES;
				CLANG_WARN_NON_LITERAL_NULL_CONVERSION = YES;
				CLANG_WARN_OBJC_IMPLICIT_RETAIN_SELF = YES;
				CLANG_WARN_OBJC_LITERAL_CONVERSION = YES;
				CLANG_WARN_OBJC_ROOT_CLASS = YES_ERROR;
				CLANG_WARN_QUOTED_INCLUDE_IN_FRAMEWORK_HEADER = YES;
				CLANG_WARN_RANGE_LOOP_ANALYSIS = YES;
				CLANG_WARN_STRICT_PROTOTYPES = YES;
				CLANG_WARN_SUSPICIOUS_MOVE = YES;
				CLANG_WARN_UNGUARDED_AVAILABILITY = YES_AGGRESSIVE;
				CLANG_WARN_UNREACHABLE_CODE = YES;
				CLANG_WARN__DUPLICATE_METHOD_MATCH = YES;
				COPY_PHASE_STRIP = NO;
				DEBUG_INFORMATION_FORMAT = "dwarf-with-dsym";
				ENABLE_NS_ASSERTIONS = NO;
				ENABLE_STRICT_OBJC_MSGSEND = YES;
				GCC_C_LANGUAGE_STANDARD = gnu11;
				GCC_NO_COMMON_BLOCKS = YES;
				GCC_WARN_64_TO_32_BIT_CONVERSION = YES;
				GCC_WARN_ABOUT_RETURN_TYPE = YES_ERROR;
				GCC_WARN_UNDECLARED_SELECTOR = YES;
				GCC_WARN_UNINITIALIZED_AUTOS = YES_AGGRESSIVE;
				GCC_WARN_UNUSED_FUNCTION = YES;
				GCC_WARN_UNUSED_VARIABLE = YES;
				IPHONEOS_DEPLOYMENT_TARGET = 16.1;
				MTL_ENABLE_DEBUG_INFO = NO;
				MTL_FAST_MATH = YES;
				SDKROOT = iphoneos;
				SWIFT_COMPILATION_MODE = wholemodule;
				SWIFT_OPTIMIZATION_LEVEL = "-O";
				VALIDATE_PRODUCT = YES;
			};
			name = Release;
		};
		C7552946290CDE5F008B370A /* Debug */ = {
			isa = XCBuildConfiguration;
			baseConfigurationReference = A75A61C3872F6167B87461F7 /* Pods-instagram_ios_duckduck.debug.xcconfig */;
			buildSettings = {
				ASSETCATALOG_COMPILER_APPICON_NAME = AppIcon;
				ASSETCATALOG_COMPILER_GLOBAL_ACCENT_COLOR_NAME = AccentColor;
				CODE_SIGN_STYLE = Automatic;
				CURRENT_PROJECT_VERSION = 1;
				DEVELOPMENT_TEAM = 6MUPBPQFU7;
				GENERATE_INFOPLIST_FILE = YES;
				INFOPLIST_FILE = instagram_ios_duckduck/Info.plist;
				INFOPLIST_KEY_UIApplicationSupportsIndirectInputEvents = YES;
				INFOPLIST_KEY_UILaunchStoryboardName = LaunchScreen;
				INFOPLIST_KEY_UIMainStoryboardFile = Main;
				INFOPLIST_KEY_UISupportedInterfaceOrientations_iPad = "UIInterfaceOrientationPortrait UIInterfaceOrientationPortraitUpsideDown UIInterfaceOrientationLandscapeLeft UIInterfaceOrientationLandscapeRight";
				INFOPLIST_KEY_UISupportedInterfaceOrientations_iPhone = "UIInterfaceOrientationPortrait UIInterfaceOrientationLandscapeLeft UIInterfaceOrientationLandscapeRight";
				LD_RUNPATH_SEARCH_PATHS = (
					"$(inherited)",
					"@executable_path/Frameworks",
				);
				MARKETING_VERSION = 1.0;
				PRODUCT_BUNDLE_IDENTIFIER = "kyj.instagram-ios-duckduck";
				PRODUCT_NAME = "$(TARGET_NAME)";
				SWIFT_EMIT_LOC_STRINGS = YES;
				SWIFT_VERSION = 5.0;
				TARGETED_DEVICE_FAMILY = "1,2";
			};
			name = Debug;
		};
		C7552947290CDE5F008B370A /* Release */ = {
			isa = XCBuildConfiguration;
			baseConfigurationReference = ACD47EE4DBBECFEC3A310278 /* Pods-instagram_ios_duckduck.release.xcconfig */;
			buildSettings = {
				ASSETCATALOG_COMPILER_APPICON_NAME = AppIcon;
				ASSETCATALOG_COMPILER_GLOBAL_ACCENT_COLOR_NAME = AccentColor;
				CODE_SIGN_STYLE = Automatic;
				CURRENT_PROJECT_VERSION = 1;
				DEVELOPMENT_TEAM = 6MUPBPQFU7;
				GENERATE_INFOPLIST_FILE = YES;
				INFOPLIST_FILE = instagram_ios_duckduck/Info.plist;
				INFOPLIST_KEY_UIApplicationSupportsIndirectInputEvents = YES;
				INFOPLIST_KEY_UILaunchStoryboardName = LaunchScreen;
				INFOPLIST_KEY_UIMainStoryboardFile = Main;
				INFOPLIST_KEY_UISupportedInterfaceOrientations_iPad = "UIInterfaceOrientationPortrait UIInterfaceOrientationPortraitUpsideDown UIInterfaceOrientationLandscapeLeft UIInterfaceOrientationLandscapeRight";
				INFOPLIST_KEY_UISupportedInterfaceOrientations_iPhone = "UIInterfaceOrientationPortrait UIInterfaceOrientationLandscapeLeft UIInterfaceOrientationLandscapeRight";
				LD_RUNPATH_SEARCH_PATHS = (
					"$(inherited)",
					"@executable_path/Frameworks",
				);
				MARKETING_VERSION = 1.0;
				PRODUCT_BUNDLE_IDENTIFIER = "kyj.instagram-ios-duckduck";
				PRODUCT_NAME = "$(TARGET_NAME)";
				SWIFT_EMIT_LOC_STRINGS = YES;
				SWIFT_VERSION = 5.0;
				TARGETED_DEVICE_FAMILY = "1,2";
			};
			name = Release;
		};
/* End XCBuildConfiguration section */

/* Begin XCConfigurationList section */
		C755292C290CDE5B008B370A /* Build configuration list for PBXProject "instagram_ios_duckduck" */ = {
			isa = XCConfigurationList;
			buildConfigurations = (
				C7552943290CDE5F008B370A /* Debug */,
				C7552944290CDE5F008B370A /* Release */,
			);
			defaultConfigurationIsVisible = 0;
			defaultConfigurationName = Release;
		};
		C7552945290CDE5F008B370A /* Build configuration list for PBXNativeTarget "instagram_ios_duckduck" */ = {
			isa = XCConfigurationList;
			buildConfigurations = (
				C7552946290CDE5F008B370A /* Debug */,
				C7552947290CDE5F008B370A /* Release */,
			);
			defaultConfigurationIsVisible = 0;
			defaultConfigurationName = Release;
		};
/* End XCConfigurationList section */
	};
	rootObject = C7552929290CDE5B008B370A /* Project object */;
}
