// !$*UTF8*$!
{
	archiveVersion = 1;
	classes = {
	};
	objectVersion = 56;
	objects = {

/* Begin PBXBuildFile section */
		068524FF1E5678F1AE3ACC65 /* Pods_instagram_ios_duckduck.framework in Frameworks */ = {isa = PBXBuildFile; fileRef = E682E41E4624A67CA8390655 /* Pods_instagram_ios_duckduck.framework */; };
		C7552935290CDE5C008B370A /* AppDelegate.swift in Sources */ = {isa = PBXBuildFile; fileRef = C7552934290CDE5C008B370A /* AppDelegate.swift */; };
		C7552937290CDE5C008B370A /* SceneDelegate.swift in Sources */ = {isa = PBXBuildFile; fileRef = C7552936290CDE5C008B370A /* SceneDelegate.swift */; };
		C7552939290CDE5C008B370A /* ViewController.swift in Sources */ = {isa = PBXBuildFile; fileRef = C7552938290CDE5C008B370A /* ViewController.swift */; };
		C755293C290CDE5C008B370A /* Main.storyboard in Resources */ = {isa = PBXBuildFile; fileRef = C755293A290CDE5C008B370A /* Main.storyboard */; };
		C755293E290CDE5F008B370A /* Assets.xcassets in Resources */ = {isa = PBXBuildFile; fileRef = C755293D290CDE5F008B370A /* Assets.xcassets */; };
		C7552941290CDE5F008B370A /* LaunchScreen.storyboard in Resources */ = {isa = PBXBuildFile; fileRef = C755293F290CDE5F008B370A /* LaunchScreen.storyboard */; };
		C7552954290EEE03008B370A /* facebook_logo.png in Resources */ = {isa = PBXBuildFile; fileRef = C7552952290EEE03008B370A /* facebook_logo.png */; };
		C7552957290EEECF008B370A /* Instagram_logo.png in Resources */ = {isa = PBXBuildFile; fileRef = C7552956290EEECF008B370A /* Instagram_logo.png */; };
		C75FEE8029111D4B00CDEE37 /* SignInStoryboard.storyboard in Resources */ = {isa = PBXBuildFile; fileRef = C75FEE7F29111D4B00CDEE37 /* SignInStoryboard.storyboard */; };
		C75FEE842911224800CDEE37 /* SignupDataManager.swift in Sources */ = {isa = PBXBuildFile; fileRef = C75FEE832911224800CDEE37 /* SignupDataManager.swift */; };
		C75FEE86291122DD00CDEE37 /* SignUpRequest.swift in Sources */ = {isa = PBXBuildFile; fileRef = C75FEE85291122DD00CDEE37 /* SignUpRequest.swift */; };
		C75FEE88291122EC00CDEE37 /* SignUpResponse.swift in Sources */ = {isa = PBXBuildFile; fileRef = C75FEE87291122EC00CDEE37 /* SignUpResponse.swift */; };
		C76506BE290FD17000C1C21D /* TabBarStoryboard.storyboard in Resources */ = {isa = PBXBuildFile; fileRef = C76506BD290FD17000C1C21D /* TabBarStoryboard.storyboard */; };
		C76506C72910E39400C1C21D /* SignUpNameViewController.swift in Sources */ = {isa = PBXBuildFile; fileRef = C76506C62910E39400C1C21D /* SignUpNameViewController.swift */; };
		C76506C92910E3A900C1C21D /* SignUpPasswordViewController.swift in Sources */ = {isa = PBXBuildFile; fileRef = C76506C82910E3A900C1C21D /* SignUpPasswordViewController.swift */; };
		C76506CB2910E3E700C1C21D /* SignUpUniqueNameViewController.swift in Sources */ = {isa = PBXBuildFile; fileRef = C76506CA2910E3E700C1C21D /* SignUpUniqueNameViewController.swift */; };
		C76506CD2910E42000C1C21D /* SignUpCompleteViewController.swift in Sources */ = {isa = PBXBuildFile; fileRef = C76506CC2910E42000C1C21D /* SignUpCompleteViewController.swift */; };
		C76506D32910EBB200C1C21D /* User.swift in Sources */ = {isa = PBXBuildFile; fileRef = C76506D22910EBB200C1C21D /* User.swift */; };
		C76506D5291102B300C1C21D /* SignInDataManager.swift in Sources */ = {isa = PBXBuildFile; fileRef = C76506D4291102B300C1C21D /* SignInDataManager.swift */; };
		C76506D72911030F00C1C21D /* SignInRequest.swift in Sources */ = {isa = PBXBuildFile; fileRef = C76506D62911030F00C1C21D /* SignInRequest.swift */; };
		C76506D92911033A00C1C21D /* SignInResponse.swift in Sources */ = {isa = PBXBuildFile; fileRef = C76506D82911033A00C1C21D /* SignInResponse.swift */; };
		C76506DC291104B600C1C21D /* Contant.swift in Sources */ = {isa = PBXBuildFile; fileRef = C76506DB291104B600C1C21D /* Contant.swift */; };
		C76506DE29110CD500C1C21D /* UIColor.swift in Sources */ = {isa = PBXBuildFile; fileRef = C76506DD29110CD500C1C21D /* UIColor.swift */; };
		C783E8E8290F0D4600503A6F /* UIVIewController.swift in Sources */ = {isa = PBXBuildFile; fileRef = C783E8E7290F0D4600503A6F /* UIVIewController.swift */; };
		C783E8EA290F0DD100503A6F /* BaseViewController.swift in Sources */ = {isa = PBXBuildFile; fileRef = C783E8E9290F0DD100503A6F /* BaseViewController.swift */; };
		C783E8EC290F0E6800503A6F /* IndicatorView.swift in Sources */ = {isa = PBXBuildFile; fileRef = C783E8EB290F0E6800503A6F /* IndicatorView.swift */; };
		C783E8EF290F16BA00503A6F /* meta_logo.png in Resources */ = {isa = PBXBuildFile; fileRef = C783E8ED290F16BA00503A6F /* meta_logo.png */; };
		C783E8F0290F16BA00503A6F /* istagram_logo.png in Resources */ = {isa = PBXBuildFile; fileRef = C783E8EE290F16BA00503A6F /* istagram_logo.png */; };
		C783E8F2290F189500503A6F /* SignUpEmailViewController.swift in Sources */ = {isa = PBXBuildFile; fileRef = C783E8F1290F189500503A6F /* SignUpEmailViewController.swift */; };
		C783E8F5290F1A6200503A6F /* SignInViewController.swift in Sources */ = {isa = PBXBuildFile; fileRef = C783E8F4290F1A6200503A6F /* SignInViewController.swift */; };
		C7955DE029114D7200C58366 /* SignUpStoryboard.storyboard in Resources */ = {isa = PBXBuildFile; fileRef = C7955DDF29114D7200C58366 /* SignUpStoryboard.storyboard */; };
		C7955DEB291515EF00C58366 /* HomeViewController.swift in Sources */ = {isa = PBXBuildFile; fileRef = C7955DEA291515EF00C58366 /* HomeViewController.swift */; };
		C7955DEE29151C0300C58366 /* StoryCollectionViewCell.swift in Sources */ = {isa = PBXBuildFile; fileRef = C7955DEC29151C0300C58366 /* StoryCollectionViewCell.swift */; };
		C7955DF229152D3D00C58366 /* FacebookLogin in Frameworks */ = {isa = PBXBuildFile; productRef = C7955DF129152D3D00C58366 /* FacebookLogin */; };
		C7F06D2129164E2600C72CE9 /* StoryTableViewCell.swift in Sources */ = {isa = PBXBuildFile; fileRef = C7F06D1F29164E2600C72CE9 /* StoryTableViewCell.swift */; };
		C7F06D2229164E2600C72CE9 /* StoryTableViewCell.xib in Resources */ = {isa = PBXBuildFile; fileRef = C7F06D2029164E2600C72CE9 /* StoryTableViewCell.xib */; };
		C7F06D2729164EB200C72CE9 /* StoryUserCollectionViewCell.swift in Sources */ = {isa = PBXBuildFile; fileRef = C7F06D2529164EB200C72CE9 /* StoryUserCollectionViewCell.swift */; };
		C7F06D2829164EB200C72CE9 /* StoryUserCollectionViewCell.xib in Resources */ = {isa = PBXBuildFile; fileRef = C7F06D2629164EB200C72CE9 /* StoryUserCollectionViewCell.xib */; };
/* End PBXBuildFile section */

/* Begin PBXFileReference section */
		A75A61C3872F6167B87461F7 /* Pods-instagram_ios_duckduck.debug.xcconfig */ = {isa = PBXFileReference; includeInIndex = 1; lastKnownFileType = text.xcconfig; name = "Pods-instagram_ios_duckduck.debug.xcconfig"; path = "Target Support Files/Pods-instagram_ios_duckduck/Pods-instagram_ios_duckduck.debug.xcconfig"; sourceTree = "<group>"; };
		ACD47EE4DBBECFEC3A310278 /* Pods-instagram_ios_duckduck.release.xcconfig */ = {isa = PBXFileReference; includeInIndex = 1; lastKnownFileType = text.xcconfig; name = "Pods-instagram_ios_duckduck.release.xcconfig"; path = "Target Support Files/Pods-instagram_ios_duckduck/Pods-instagram_ios_duckduck.release.xcconfig"; sourceTree = "<group>"; };
		C7552931290CDE5C008B370A /* instagram_ios_duckduck.app */ = {isa = PBXFileReference; explicitFileType = wrapper.application; includeInIndex = 0; path = instagram_ios_duckduck.app; sourceTree = BUILT_PRODUCTS_DIR; };
		C7552934290CDE5C008B370A /* AppDelegate.swift */ = {isa = PBXFileReference; lastKnownFileType = sourcecode.swift; path = AppDelegate.swift; sourceTree = "<group>"; };
		C7552936290CDE5C008B370A /* SceneDelegate.swift */ = {isa = PBXFileReference; lastKnownFileType = sourcecode.swift; path = SceneDelegate.swift; sourceTree = "<group>"; };
		C7552938290CDE5C008B370A /* ViewController.swift */ = {isa = PBXFileReference; lastKnownFileType = sourcecode.swift; path = ViewController.swift; sourceTree = "<group>"; };
		C755293B290CDE5C008B370A /* Base */ = {isa = PBXFileReference; lastKnownFileType = file.storyboard; name = Base; path = Base.lproj/Main.storyboard; sourceTree = "<group>"; };
		C755293D290CDE5F008B370A /* Assets.xcassets */ = {isa = PBXFileReference; lastKnownFileType = folder.assetcatalog; path = Assets.xcassets; sourceTree = "<group>"; };
		C7552940290CDE5F008B370A /* Base */ = {isa = PBXFileReference; lastKnownFileType = file.storyboard; name = Base; path = Base.lproj/LaunchScreen.storyboard; sourceTree = "<group>"; };
		C7552942290CDE5F008B370A /* Info.plist */ = {isa = PBXFileReference; lastKnownFileType = text.plist.xml; path = Info.plist; sourceTree = "<group>"; };
		C7552952290EEE03008B370A /* facebook_logo.png */ = {isa = PBXFileReference; lastKnownFileType = image.png; path = facebook_logo.png; sourceTree = "<group>"; };
		C7552956290EEECF008B370A /* Instagram_logo.png */ = {isa = PBXFileReference; lastKnownFileType = image.png; path = Instagram_logo.png; sourceTree = "<group>"; };
		C75FEE7F29111D4B00CDEE37 /* SignInStoryboard.storyboard */ = {isa = PBXFileReference; fileEncoding = 4; lastKnownFileType = file.storyboard; path = SignInStoryboard.storyboard; sourceTree = "<group>"; };
		C75FEE832911224800CDEE37 /* SignupDataManager.swift */ = {isa = PBXFileReference; lastKnownFileType = sourcecode.swift; path = SignupDataManager.swift; sourceTree = "<group>"; };
		C75FEE85291122DD00CDEE37 /* SignUpRequest.swift */ = {isa = PBXFileReference; lastKnownFileType = sourcecode.swift; path = SignUpRequest.swift; sourceTree = "<group>"; };
		C75FEE87291122EC00CDEE37 /* SignUpResponse.swift */ = {isa = PBXFileReference; lastKnownFileType = sourcecode.swift; path = SignUpResponse.swift; sourceTree = "<group>"; };
		C76506BD290FD17000C1C21D /* TabBarStoryboard.storyboard */ = {isa = PBXFileReference; fileEncoding = 4; lastKnownFileType = file.storyboard; path = TabBarStoryboard.storyboard; sourceTree = "<group>"; };
		C76506C62910E39400C1C21D /* SignUpNameViewController.swift */ = {isa = PBXFileReference; lastKnownFileType = sourcecode.swift; path = SignUpNameViewController.swift; sourceTree = "<group>"; };
		C76506C82910E3A900C1C21D /* SignUpPasswordViewController.swift */ = {isa = PBXFileReference; lastKnownFileType = sourcecode.swift; path = SignUpPasswordViewController.swift; sourceTree = "<group>"; };
		C76506CA2910E3E700C1C21D /* SignUpUniqueNameViewController.swift */ = {isa = PBXFileReference; lastKnownFileType = sourcecode.swift; path = SignUpUniqueNameViewController.swift; sourceTree = "<group>"; };
		C76506CC2910E42000C1C21D /* SignUpCompleteViewController.swift */ = {isa = PBXFileReference; lastKnownFileType = sourcecode.swift; path = SignUpCompleteViewController.swift; sourceTree = "<group>"; };
		C76506D22910EBB200C1C21D /* User.swift */ = {isa = PBXFileReference; lastKnownFileType = sourcecode.swift; path = User.swift; sourceTree = "<group>"; };
		C76506D4291102B300C1C21D /* SignInDataManager.swift */ = {isa = PBXFileReference; lastKnownFileType = sourcecode.swift; path = SignInDataManager.swift; sourceTree = "<group>"; };
		C76506D62911030F00C1C21D /* SignInRequest.swift */ = {isa = PBXFileReference; lastKnownFileType = sourcecode.swift; path = SignInRequest.swift; sourceTree = "<group>"; };
		C76506D82911033A00C1C21D /* SignInResponse.swift */ = {isa = PBXFileReference; lastKnownFileType = sourcecode.swift; path = SignInResponse.swift; sourceTree = "<group>"; };
		C76506DB291104B600C1C21D /* Contant.swift */ = {isa = PBXFileReference; lastKnownFileType = sourcecode.swift; path = Contant.swift; sourceTree = "<group>"; };
		C76506DD29110CD500C1C21D /* UIColor.swift */ = {isa = PBXFileReference; lastKnownFileType = sourcecode.swift; path = UIColor.swift; sourceTree = "<group>"; };
		C783E8E7290F0D4600503A6F /* UIVIewController.swift */ = {isa = PBXFileReference; lastKnownFileType = sourcecode.swift; path = UIVIewController.swift; sourceTree = "<group>"; };
		C783E8E9290F0DD100503A6F /* BaseViewController.swift */ = {isa = PBXFileReference; lastKnownFileType = sourcecode.swift; path = BaseViewController.swift; sourceTree = "<group>"; };
		C783E8EB290F0E6800503A6F /* IndicatorView.swift */ = {isa = PBXFileReference; lastKnownFileType = sourcecode.swift; path = IndicatorView.swift; sourceTree = "<group>"; };
		C783E8ED290F16BA00503A6F /* meta_logo.png */ = {isa = PBXFileReference; lastKnownFileType = image.png; path = meta_logo.png; sourceTree = "<group>"; };
		C783E8EE290F16BA00503A6F /* istagram_logo.png */ = {isa = PBXFileReference; lastKnownFileType = image.png; path = istagram_logo.png; sourceTree = "<group>"; };
		C783E8F1290F189500503A6F /* SignUpEmailViewController.swift */ = {isa = PBXFileReference; lastKnownFileType = sourcecode.swift; path = SignUpEmailViewController.swift; sourceTree = "<group>"; };
		C783E8F4290F1A6200503A6F /* SignInViewController.swift */ = {isa = PBXFileReference; fileEncoding = 4; lastKnownFileType = sourcecode.swift; path = SignInViewController.swift; sourceTree = "<group>"; };
		C7955DDF29114D7200C58366 /* SignUpStoryboard.storyboard */ = {isa = PBXFileReference; fileEncoding = 4; lastKnownFileType = file.storyboard; path = SignUpStoryboard.storyboard; sourceTree = "<group>"; };
		C7955DEA291515EF00C58366 /* HomeViewController.swift */ = {isa = PBXFileReference; lastKnownFileType = sourcecode.swift; path = HomeViewController.swift; sourceTree = "<group>"; };
		C7955DEC29151C0300C58366 /* StoryCollectionViewCell.swift */ = {isa = PBXFileReference; lastKnownFileType = sourcecode.swift; path = StoryCollectionViewCell.swift; sourceTree = "<group>"; };
		C7955DF329152ECC00C58366 /* instagram_ios_duckduck.entitlements */ = {isa = PBXFileReference; lastKnownFileType = text.plist.entitlements; path = instagram_ios_duckduck.entitlements; sourceTree = "<group>"; };
		C7F06D1F29164E2600C72CE9 /* StoryTableViewCell.swift */ = {isa = PBXFileReference; lastKnownFileType = sourcecode.swift; path = StoryTableViewCell.swift; sourceTree = "<group>"; };
		C7F06D2029164E2600C72CE9 /* StoryTableViewCell.xib */ = {isa = PBXFileReference; lastKnownFileType = file.xib; path = StoryTableViewCell.xib; sourceTree = "<group>"; };
		C7F06D2529164EB200C72CE9 /* StoryUserCollectionViewCell.swift */ = {isa = PBXFileReference; lastKnownFileType = sourcecode.swift; path = StoryUserCollectionViewCell.swift; sourceTree = "<group>"; };
		C7F06D2629164EB200C72CE9 /* StoryUserCollectionViewCell.xib */ = {isa = PBXFileReference; lastKnownFileType = file.xib; path = StoryUserCollectionViewCell.xib; sourceTree = "<group>"; };
		E682E41E4624A67CA8390655 /* Pods_instagram_ios_duckduck.framework */ = {isa = PBXFileReference; explicitFileType = wrapper.framework; includeInIndex = 0; path = Pods_instagram_ios_duckduck.framework; sourceTree = BUILT_PRODUCTS_DIR; };
/* End PBXFileReference section */

/* Begin PBXFrameworksBuildPhase section */
		C755292E290CDE5C008B370A /* Frameworks */ = {
			isa = PBXFrameworksBuildPhase;
			buildActionMask = 2147483647;
			files = (
				C7955DF229152D3D00C58366 /* FacebookLogin in Frameworks */,
				068524FF1E5678F1AE3ACC65 /* Pods_instagram_ios_duckduck.framework in Frameworks */,
			);
			runOnlyForDeploymentPostprocessing = 0;
		};
/* End PBXFrameworksBuildPhase section */

/* Begin PBXGroup section */
		6741F7668DB5609A2E5352E4 /* Frameworks */ = {
			isa = PBXGroup;
			children = (
				E682E41E4624A67CA8390655 /* Pods_instagram_ios_duckduck.framework */,
			);
			name = Frameworks;
			sourceTree = "<group>";
		};
		C08597CB80BA10E0F3010DD8 /* Pods */ = {
			isa = PBXGroup;
			children = (
				A75A61C3872F6167B87461F7 /* Pods-instagram_ios_duckduck.debug.xcconfig */,
				ACD47EE4DBBECFEC3A310278 /* Pods-instagram_ios_duckduck.release.xcconfig */,
			);
			path = Pods;
			sourceTree = "<group>";
		};
		C70FE11F290EFB4F003AB632 /* SignUp */ = {
			isa = PBXGroup;
			children = (
				C7955DDF29114D7200C58366 /* SignUpStoryboard.storyboard */,
				C76506D12910EB7F00C1C21D /* Entity */,
				C75FEE832911224800CDEE37 /* SignupDataManager.swift */,
				C783E8F1290F189500503A6F /* SignUpEmailViewController.swift */,
				C76506C62910E39400C1C21D /* SignUpNameViewController.swift */,
				C76506C82910E3A900C1C21D /* SignUpPasswordViewController.swift */,
				C76506CA2910E3E700C1C21D /* SignUpUniqueNameViewController.swift */,
				C76506CC2910E42000C1C21D /* SignUpCompleteViewController.swift */,
			);
			path = SignUp;
			sourceTree = "<group>";
		};
		C70FE120290EFB63003AB632 /* SignIn */ = {
			isa = PBXGroup;
			children = (
				C75FEE7F29111D4B00CDEE37 /* SignInStoryboard.storyboard */,
				C76506D02910EB7300C1C21D /* Entity */,
				C76506D4291102B300C1C21D /* SignInDataManager.swift */,
				C783E8F4290F1A6200503A6F /* SignInViewController.swift */,
			);
			path = SignIn;
			sourceTree = "<group>";
		};
		C7552928290CDE5B008B370A = {
			isa = PBXGroup;
			children = (
				C7552933290CDE5C008B370A /* instagram_ios_duckduck */,
				C7552932290CDE5C008B370A /* Products */,
				C08597CB80BA10E0F3010DD8 /* Pods */,
				6741F7668DB5609A2E5352E4 /* Frameworks */,
			);
			sourceTree = "<group>";
		};
		C7552932290CDE5C008B370A /* Products */ = {
			isa = PBXGroup;
			children = (
				C7552931290CDE5C008B370A /* instagram_ios_duckduck.app */,
			);
			name = Products;
			sourceTree = "<group>";
		};
		C7552933290CDE5C008B370A /* instagram_ios_duckduck */ = {
			isa = PBXGroup;
			children = (
				C7955DF329152ECC00C58366 /* instagram_ios_duckduck.entitlements */,
				C755294E290EEDBE008B370A /* Configuration */,
				C7552958290EF2A9008B370A /* Util */,
				C7552948290EDEF9008B370A /* Source */,
				C7552934290CDE5C008B370A /* AppDelegate.swift */,
				C7552936290CDE5C008B370A /* SceneDelegate.swift */,
				C755293D290CDE5F008B370A /* Assets.xcassets */,
				C755293F290CDE5F008B370A /* LaunchScreen.storyboard */,
				C7552942290CDE5F008B370A /* Info.plist */,
			);
			path = instagram_ios_duckduck;
			sourceTree = "<group>";
		};
		C7552948290EDEF9008B370A /* Source */ = {
			isa = PBXGroup;
			children = (
				C755293A290CDE5C008B370A /* Main.storyboard */,
				C7552938290CDE5C008B370A /* ViewController.swift */,
				C7552949290EDFD9008B370A /* Main */,
			);
			path = Source;
			sourceTree = "<group>";
		};
		C7552949290EDFD9008B370A /* Main */ = {
			isa = PBXGroup;
			children = (
				C783E8F6290FCB5F00503A6F /* Tab */,
				C755294A290EDFF9008B370A /* User */,
			);
			path = Main;
			sourceTree = "<group>";
		};
		C755294A290EDFF9008B370A /* User */ = {
			isa = PBXGroup;
			children = (
				C70FE120290EFB63003AB632 /* SignIn */,
				C70FE11F290EFB4F003AB632 /* SignUp */,
			);
			path = User;
			sourceTree = "<group>";
		};
		C755294E290EEDBE008B370A /* Configuration */ = {
			isa = PBXGroup;
			children = (
				C76506DB291104B600C1C21D /* Contant.swift */,
				C76506DF29110D2F00C1C21D /* Secret */,
				C755294F290EEDD8008B370A /* Images */,
				C7552955290EEE24008B370A /* Base */,
			);
			path = Configuration;
			sourceTree = "<group>";
		};
		C755294F290EEDD8008B370A /* Images */ = {
			isa = PBXGroup;
			children = (
				C7552950290EEDF5008B370A /* Logo */,
			);
			path = Images;
			sourceTree = "<group>";
		};
		C7552950290EEDF5008B370A /* Logo */ = {
			isa = PBXGroup;
			children = (
				C783E8EE290F16BA00503A6F /* istagram_logo.png */,
				C783E8ED290F16BA00503A6F /* meta_logo.png */,
				C7552952290EEE03008B370A /* facebook_logo.png */,
				C7552956290EEECF008B370A /* Instagram_logo.png */,
			);
			path = Logo;
			sourceTree = "<group>";
		};
		C7552955290EEE24008B370A /* Base */ = {
			isa = PBXGroup;
			children = (
				C783E8E9290F0DD100503A6F /* BaseViewController.swift */,
			);
			path = Base;
			sourceTree = "<group>";
		};
		C7552958290EF2A9008B370A /* Util */ = {
			isa = PBXGroup;
			children = (
				C783E8EB290F0E6800503A6F /* IndicatorView.swift */,
				C7552959290EF2D4008B370A /* Extension */,
			);
			path = Util;
			sourceTree = "<group>";
		};
		C7552959290EF2D4008B370A /* Extension */ = {
			isa = PBXGroup;
			children = (
				C783E8E7290F0D4600503A6F /* UIVIewController.swift */,
				C76506DD29110CD500C1C21D /* UIColor.swift */,
			);
			path = Extension;
			sourceTree = "<group>";
		};
		C76506D02910EB7300C1C21D /* Entity */ = {
			isa = PBXGroup;
			children = (
				C76506D62911030F00C1C21D /* SignInRequest.swift */,
				C76506D82911033A00C1C21D /* SignInResponse.swift */,
			);
			path = Entity;
			sourceTree = "<group>";
		};
		C76506D12910EB7F00C1C21D /* Entity */ = {
			isa = PBXGroup;
			children = (
				C76506D22910EBB200C1C21D /* User.swift */,
				C75FEE85291122DD00CDEE37 /* SignUpRequest.swift */,
				C75FEE87291122EC00CDEE37 /* SignUpResponse.swift */,
			);
			path = Entity;
			sourceTree = "<group>";
		};
		C76506DF29110D2F00C1C21D /* Secret */ = {
			isa = PBXGroup;
			children = (
			);
			path = Secret;
			sourceTree = "<group>";
		};
		C783E8F6290FCB5F00503A6F /* Tab */ = {
			isa = PBXGroup;
			children = (
				C76506BD290FD17000C1C21D /* TabBarStoryboard.storyboard */,
				C7955DE9291515B900C58366 /* Home */,
			);
			path = Tab;
			sourceTree = "<group>";
		};
		C7955DE9291515B900C58366 /* Home */ = {
			isa = PBXGroup;
			children = (
				C7955DEA291515EF00C58366 /* HomeViewController.swift */,
				C7955DEC29151C0300C58366 /* StoryCollectionViewCell.swift */,
				C7F06D1F29164E2600C72CE9 /* StoryTableViewCell.swift */,
				C7F06D2029164E2600C72CE9 /* StoryTableViewCell.xib */,
				C7F06D2529164EB200C72CE9 /* StoryUserCollectionViewCell.swift */,
				C7F06D2629164EB200C72CE9 /* StoryUserCollectionViewCell.xib */,
			);
			path = Home;
			sourceTree = "<group>";
		};
/* End PBXGroup section */

/* Begin PBXNativeTarget section */
		C7552930290CDE5C008B370A /* instagram_ios_duckduck */ = {
			isa = PBXNativeTarget;
			buildConfigurationList = C7552945290CDE5F008B370A /* Build configuration list for PBXNativeTarget "instagram_ios_duckduck" */;
			buildPhases = (
				7AB33CE430EEAA83B6A63252 /* [CP] Check Pods Manifest.lock */,
				C755292D290CDE5C008B370A /* Sources */,
				C755292E290CDE5C008B370A /* Frameworks */,
				C755292F290CDE5C008B370A /* Resources */,
				3978C3B337EBF3A0A02F3E9E /* [CP] Embed Pods Frameworks */,
			);
			buildRules = (
			);
			dependencies = (
			);
			name = instagram_ios_duckduck;
			packageProductDependencies = (
				C7955DF129152D3D00C58366 /* FacebookLogin */,
			);
			productName = instagram_ios_duckduck;
			productReference = C7552931290CDE5C008B370A /* instagram_ios_duckduck.app */;
			productType = "com.apple.product-type.application";
		};
/* End PBXNativeTarget section */

/* Begin PBXProject section */
		C7552929290CDE5B008B370A /* Project object */ = {
			isa = PBXProject;
			attributes = {
				BuildIndependentTargetsInParallel = 1;
				LastSwiftUpdateCheck = 1410;
				LastUpgradeCheck = 1410;
				TargetAttributes = {
					C7552930290CDE5C008B370A = {
						CreatedOnToolsVersion = 14.1;
					};
				};
			};
			buildConfigurationList = C755292C290CDE5B008B370A /* Build configuration list for PBXProject "instagram_ios_duckduck" */;
			compatibilityVersion = "Xcode 14.0";
			developmentRegion = en;
			hasScannedForEncodings = 0;
			knownRegions = (
				en,
				Base,
			);
			mainGroup = C7552928290CDE5B008B370A;
			packageReferences = (
				C7955DF029152D3D00C58366 /* XCRemoteSwiftPackageReference "facebook-ios-sdk" */,
			);
			productRefGroup = C7552932290CDE5C008B370A /* Products */;
			projectDirPath = "";
			projectRoot = "";
			targets = (
				C7552930290CDE5C008B370A /* instagram_ios_duckduck */,
			);
		};
/* End PBXProject section */

/* Begin PBXResourcesBuildPhase section */
		C755292F290CDE5C008B370A /* Resources */ = {
			isa = PBXResourcesBuildPhase;
			buildActionMask = 2147483647;
			files = (
				C75FEE8029111D4B00CDEE37 /* SignInStoryboard.storyboard in Resources */,
				C7955DE029114D7200C58366 /* SignUpStoryboard.storyboard in Resources */,
				C7552954290EEE03008B370A /* facebook_logo.png in Resources */,
				C7552941290CDE5F008B370A /* LaunchScreen.storyboard in Resources */,
				C783E8EF290F16BA00503A6F /* meta_logo.png in Resources */,
				C7552957290EEECF008B370A /* Instagram_logo.png in Resources */,
				C783E8F0290F16BA00503A6F /* istagram_logo.png in Resources */,
				C7F06D2229164E2600C72CE9 /* StoryTableViewCell.xib in Resources */,
				C755293E290CDE5F008B370A /* Assets.xcassets in Resources */,
				C755293C290CDE5C008B370A /* Main.storyboard in Resources */,
				C76506BE290FD17000C1C21D /* TabBarStoryboard.storyboard in Resources */,
				C7F06D2829164EB200C72CE9 /* StoryUserCollectionViewCell.xib in Resources */,
			);
			runOnlyForDeploymentPostprocessing = 0;
		};
/* End PBXResourcesBuildPhase section */

/* Begin PBXShellScriptBuildPhase section */
		3978C3B337EBF3A0A02F3E9E /* [CP] Embed Pods Frameworks */ = {
			isa = PBXShellScriptBuildPhase;
			buildActionMask = 2147483647;
			files = (
			);
			inputFileListPaths = (
				"${PODS_ROOT}/Target Support Files/Pods-instagram_ios_duckduck/Pods-instagram_ios_duckduck-frameworks-${CONFIGURATION}-input-files.xcfilelist",
			);
			name = "[CP] Embed Pods Frameworks";
			outputFileListPaths = (
				"${PODS_ROOT}/Target Support Files/Pods-instagram_ios_duckduck/Pods-instagram_ios_duckduck-frameworks-${CONFIGURATION}-output-files.xcfilelist",
			);
			runOnlyForDeploymentPostprocessing = 0;
			shellPath = /bin/sh;
			shellScript = "\"${PODS_ROOT}/Target Support Files/Pods-instagram_ios_duckduck/Pods-instagram_ios_duckduck-frameworks.sh\"\n";
			showEnvVarsInLog = 0;
		};
		7AB33CE430EEAA83B6A63252 /* [CP] Check Pods Manifest.lock */ = {
			isa = PBXShellScriptBuildPhase;
			buildActionMask = 2147483647;
			files = (
			);
			inputFileListPaths = (
			);
			inputPaths = (
				"${PODS_PODFILE_DIR_PATH}/Podfile.lock",
				"${PODS_ROOT}/Manifest.lock",
			);
			name = "[CP] Check Pods Manifest.lock";
			outputFileListPaths = (
			);
			outputPaths = (
				"$(DERIVED_FILE_DIR)/Pods-instagram_ios_duckduck-checkManifestLockResult.txt",
			);
			runOnlyForDeploymentPostprocessing = 0;
			shellPath = /bin/sh;
			shellScript = "diff \"${PODS_PODFILE_DIR_PATH}/Podfile.lock\" \"${PODS_ROOT}/Manifest.lock\" > /dev/null\nif [ $? != 0 ] ; then\n    # print error to STDERR\n    echo \"error: The sandbox is not in sync with the Podfile.lock. Run 'pod install' or update your CocoaPods installation.\" >&2\n    exit 1\nfi\n# This output is used by Xcode 'outputs' to avoid re-running this script phase.\necho \"SUCCESS\" > \"${SCRIPT_OUTPUT_FILE_0}\"\n";
			showEnvVarsInLog = 0;
		};
/* End PBXShellScriptBuildPhase section */

/* Begin PBXSourcesBuildPhase section */
		C755292D290CDE5C008B370A /* Sources */ = {
			isa = PBXSourcesBuildPhase;
			buildActionMask = 2147483647;
			files = (
				C76506CB2910E3E700C1C21D /* SignUpUniqueNameViewController.swift in Sources */,
				C76506D72911030F00C1C21D /* SignInRequest.swift in Sources */,
				C76506DC291104B600C1C21D /* Contant.swift in Sources */,
				C783E8EA290F0DD100503A6F /* BaseViewController.swift in Sources */,
				C783E8F2290F189500503A6F /* SignUpEmailViewController.swift in Sources */,
				C76506D5291102B300C1C21D /* SignInDataManager.swift in Sources */,
				C76506CD2910E42000C1C21D /* SignUpCompleteViewController.swift in Sources */,
				C7955DEB291515EF00C58366 /* HomeViewController.swift in Sources */,
				C76506D92911033A00C1C21D /* SignInResponse.swift in Sources */,
				C7955DEE29151C0300C58366 /* StoryCollectionViewCell.swift in Sources */,
				C7552939290CDE5C008B370A /* ViewController.swift in Sources */,
				C76506C72910E39400C1C21D /* SignUpNameViewController.swift in Sources */,
				C7552935290CDE5C008B370A /* AppDelegate.swift in Sources */,
				C76506D32910EBB200C1C21D /* User.swift in Sources */,
				C783E8F5290F1A6200503A6F /* SignInViewController.swift in Sources */,
				C76506DE29110CD500C1C21D /* UIColor.swift in Sources */,
				C783E8E8290F0D4600503A6F /* UIVIewController.swift in Sources */,
				C76506C92910E3A900C1C21D /* SignUpPasswordViewController.swift in Sources */,
				C7F06D2729164EB200C72CE9 /* StoryUserCollectionViewCell.swift in Sources */,
				C75FEE88291122EC00CDEE37 /* SignUpResponse.swift in Sources */,
				C783E8EC290F0E6800503A6F /* IndicatorView.swift in Sources */,
				C75FEE86291122DD00CDEE37 /* SignUpRequest.swift in Sources */,
				C75FEE842911224800CDEE37 /* SignupDataManager.swift in Sources */,
				C7552937290CDE5C008B370A /* SceneDelegate.swift in Sources */,
				C7F06D2129164E2600C72CE9 /* StoryTableViewCell.swift in Sources */,
			);
			runOnlyForDeploymentPostprocessing = 0;
		};
/* End PBXSourcesBuildPhase section */

/* Begin PBXVariantGroup section */
		C755293A290CDE5C008B370A /* Main.storyboard */ = {
			isa = PBXVariantGroup;
			children = (
				C755293B290CDE5C008B370A /* Base */,
			);
			name = Main.storyboard;
			sourceTree = "<group>";
		};
		C755293F290CDE5F008B370A /* LaunchScreen.storyboard */ = {
			isa = PBXVariantGroup;
			children = (
				C7552940290CDE5F008B370A /* Base */,
			);
			name = LaunchScreen.storyboard;
			sourceTree = "<group>";
		};
/* End PBXVariantGroup section */

/* Begin XCBuildConfiguration section */
		C7552943290CDE5F008B370A /* Debug */ = {
			isa = XCBuildConfiguration;
			buildSettings = {
				ALWAYS_SEARCH_USER_PATHS = NO;
				CLANG_ANALYZER_NONNULL = YES;
				CLANG_ANALYZER_NUMBER_OBJECT_CONVERSION = YES_AGGRESSIVE;
				CLANG_CXX_LANGUAGE_STANDARD = "gnu++20";
				CLANG_ENABLE_MODULES = YES;
				CLANG_ENABLE_OBJC_ARC = YES;
				CLANG_ENABLE_OBJC_WEAK = YES;
				CLANG_WARN_BLOCK_CAPTURE_AUTORELEASING = YES;
				CLANG_WARN_BOOL_CONVERSION = YES;
				CLANG_WARN_COMMA = YES;
				CLANG_WARN_CONSTANT_CONVERSION = YES;
				CLANG_WARN_DEPRECATED_OBJC_IMPLEMENTATIONS = YES;
				CLANG_WARN_DIRECT_OBJC_ISA_USAGE = YES_ERROR;
				CLANG_WARN_DOCUMENTATION_COMMENTS = YES;
				CLANG_WARN_EMPTY_BODY = YES;
				CLANG_WARN_ENUM_CONVERSION = YES;
				CLANG_WARN_INFINITE_RECURSION = YES;
				CLANG_WARN_INT_CONVERSION = YES;
				CLANG_WARN_NON_LITERAL_NULL_CONVERSION = YES;
				CLANG_WARN_OBJC_IMPLICIT_RETAIN_SELF = YES;
				CLANG_WARN_OBJC_LITERAL_CONVERSION = YES;
				CLANG_WARN_OBJC_ROOT_CLASS = YES_ERROR;
				CLANG_WARN_QUOTED_INCLUDE_IN_FRAMEWORK_HEADER = YES;
				CLANG_WARN_RANGE_LOOP_ANALYSIS = YES;
				CLANG_WARN_STRICT_PROTOTYPES = YES;
				CLANG_WARN_SUSPICIOUS_MOVE = YES;
				CLANG_WARN_UNGUARDED_AVAILABILITY = YES_AGGRESSIVE;
				CLANG_WARN_UNREACHABLE_CODE = YES;
				CLANG_WARN__DUPLICATE_METHOD_MATCH = YES;
				COPY_PHASE_STRIP = NO;
				DEBUG_INFORMATION_FORMAT = dwarf;
				ENABLE_STRICT_OBJC_MSGSEND = YES;
				ENABLE_TESTABILITY = YES;
				GCC_C_LANGUAGE_STANDARD = gnu11;
				GCC_DYNAMIC_NO_PIC = NO;
				GCC_NO_COMMON_BLOCKS = YES;
				GCC_OPTIMIZATION_LEVEL = 0;
				GCC_PREPROCESSOR_DEFINITIONS = (
					"DEBUG=1",
					"$(inherited)",
				);
				GCC_WARN_64_TO_32_BIT_CONVERSION = YES;
				GCC_WARN_ABOUT_RETURN_TYPE = YES_ERROR;
				GCC_WARN_UNDECLARED_SELECTOR = YES;
				GCC_WARN_UNINITIALIZED_AUTOS = YES_AGGRESSIVE;
				GCC_WARN_UNUSED_FUNCTION = YES;
				GCC_WARN_UNUSED_VARIABLE = YES;
				IPHONEOS_DEPLOYMENT_TARGET = 16.1;
				MTL_ENABLE_DEBUG_INFO = INCLUDE_SOURCE;
				MTL_FAST_MATH = YES;
				ONLY_ACTIVE_ARCH = YES;
				SDKROOT = iphoneos;
				SWIFT_ACTIVE_COMPILATION_CONDITIONS = DEBUG;
				SWIFT_OPTIMIZATION_LEVEL = "-Onone";
			};
			name = Debug;
		};
		C7552944290CDE5F008B370A /* Release */ = {
			isa = XCBuildConfiguration;
			buildSettings = {
				ALWAYS_SEARCH_USER_PATHS = NO;
				CLANG_ANALYZER_NONNULL = YES;
				CLANG_ANALYZER_NUMBER_OBJECT_CONVERSION = YES_AGGRESSIVE;
				CLANG_CXX_LANGUAGE_STANDARD = "gnu++20";
				CLANG_ENABLE_MODULES = YES;
				CLANG_ENABLE_OBJC_ARC = YES;
				CLANG_ENABLE_OBJC_WEAK = YES;
				CLANG_WARN_BLOCK_CAPTURE_AUTORELEASING = YES;
				CLANG_WARN_BOOL_CONVERSION = YES;
				CLANG_WARN_COMMA = YES;
				CLANG_WARN_CONSTANT_CONVERSION = YES;
				CLANG_WARN_DEPRECATED_OBJC_IMPLEMENTATIONS = YES;
				CLANG_WARN_DIRECT_OBJC_ISA_USAGE = YES_ERROR;
				CLANG_WARN_DOCUMENTATION_COMMENTS = YES;
				CLANG_WARN_EMPTY_BODY = YES;
				CLANG_WARN_ENUM_CONVERSION = YES;
				CLANG_WARN_INFINITE_RECURSION = YES;
				CLANG_WARN_INT_CONVERSION = YES;
				CLANG_WARN_NON_LITERAL_NULL_CONVERSION = YES;
				CLANG_WARN_OBJC_IMPLICIT_RETAIN_SELF = YES;
				CLANG_WARN_OBJC_LITERAL_CONVERSION = YES;
				CLANG_WARN_OBJC_ROOT_CLASS = YES_ERROR;
				CLANG_WARN_QUOTED_INCLUDE_IN_FRAMEWORK_HEADER = YES;
				CLANG_WARN_RANGE_LOOP_ANALYSIS = YES;
				CLANG_WARN_STRICT_PROTOTYPES = YES;
				CLANG_WARN_SUSPICIOUS_MOVE = YES;
				CLANG_WARN_UNGUARDED_AVAILABILITY = YES_AGGRESSIVE;
				CLANG_WARN_UNREACHABLE_CODE = YES;
				CLANG_WARN__DUPLICATE_METHOD_MATCH = YES;
				COPY_PHASE_STRIP = NO;
				DEBUG_INFORMATION_FORMAT = "dwarf-with-dsym";
				ENABLE_NS_ASSERTIONS = NO;
				ENABLE_STRICT_OBJC_MSGSEND = YES;
				GCC_C_LANGUAGE_STANDARD = gnu11;
				GCC_NO_COMMON_BLOCKS = YES;
				GCC_WARN_64_TO_32_BIT_CONVERSION = YES;
				GCC_WARN_ABOUT_RETURN_TYPE = YES_ERROR;
				GCC_WARN_UNDECLARED_SELECTOR = YES;
				GCC_WARN_UNINITIALIZED_AUTOS = YES_AGGRESSIVE;
				GCC_WARN_UNUSED_FUNCTION = YES;
				GCC_WARN_UNUSED_VARIABLE = YES;
				IPHONEOS_DEPLOYMENT_TARGET = 16.1;
				MTL_ENABLE_DEBUG_INFO = NO;
				MTL_FAST_MATH = YES;
				SDKROOT = iphoneos;
				SWIFT_COMPILATION_MODE = wholemodule;
				SWIFT_OPTIMIZATION_LEVEL = "-O";
				VALIDATE_PRODUCT = YES;
			};
			name = Release;
		};
		C7552946290CDE5F008B370A /* Debug */ = {
			isa = XCBuildConfiguration;
			baseConfigurationReference = A75A61C3872F6167B87461F7 /* Pods-instagram_ios_duckduck.debug.xcconfig */;
			buildSettings = {
				ASSETCATALOG_COMPILER_APPICON_NAME = AppIcon;
				ASSETCATALOG_COMPILER_GLOBAL_ACCENT_COLOR_NAME = AccentColor;
				CODE_SIGN_ENTITLEMENTS = instagram_ios_duckduck/instagram_ios_duckduck.entitlements;
				CODE_SIGN_STYLE = Automatic;
				CURRENT_PROJECT_VERSION = 1;
				DEVELOPMENT_TEAM = 6MUPBPQFU7;
				GENERATE_INFOPLIST_FILE = YES;
				INFOPLIST_FILE = instagram_ios_duckduck/Info.plist;
				INFOPLIST_KEY_UIApplicationSupportsIndirectInputEvents = YES;
				INFOPLIST_KEY_UILaunchStoryboardName = LaunchScreen;
				INFOPLIST_KEY_UIMainStoryboardFile = Main;
				INFOPLIST_KEY_UISupportedInterfaceOrientations_iPad = "UIInterfaceOrientationPortrait UIInterfaceOrientationPortraitUpsideDown UIInterfaceOrientationLandscapeLeft UIInterfaceOrientationLandscapeRight";
				INFOPLIST_KEY_UISupportedInterfaceOrientations_iPhone = "UIInterfaceOrientationPortrait UIInterfaceOrientationLandscapeLeft UIInterfaceOrientationLandscapeRight";
				LD_RUNPATH_SEARCH_PATHS = (
					"$(inherited)",
					"@executable_path/Frameworks",
				);
				MARKETING_VERSION = 1.0;
				PRODUCT_BUNDLE_IDENTIFIER = "kyj.instagram-ios-duckduck";
				PRODUCT_NAME = "$(TARGET_NAME)";
				SWIFT_EMIT_LOC_STRINGS = YES;
				SWIFT_VERSION = 5.0;
				TARGETED_DEVICE_FAMILY = "1,2";
			};
			name = Debug;
		};
		C7552947290CDE5F008B370A /* Release */ = {
			isa = XCBuildConfiguration;
			baseConfigurationReference = ACD47EE4DBBECFEC3A310278 /* Pods-instagram_ios_duckduck.release.xcconfig */;
			buildSettings = {
				ASSETCATALOG_COMPILER_APPICON_NAME = AppIcon;
				ASSETCATALOG_COMPILER_GLOBAL_ACCENT_COLOR_NAME = AccentColor;
				CODE_SIGN_ENTITLEMENTS = instagram_ios_duckduck/instagram_ios_duckduck.entitlements;
				CODE_SIGN_STYLE = Automatic;
				CURRENT_PROJECT_VERSION = 1;
				DEVELOPMENT_TEAM = 6MUPBPQFU7;
				GENERATE_INFOPLIST_FILE = YES;
				INFOPLIST_FILE = instagram_ios_duckduck/Info.plist;
				INFOPLIST_KEY_UIApplicationSupportsIndirectInputEvents = YES;
				INFOPLIST_KEY_UILaunchStoryboardName = LaunchScreen;
				INFOPLIST_KEY_UIMainStoryboardFile = Main;
				INFOPLIST_KEY_UISupportedInterfaceOrientations_iPad = "UIInterfaceOrientationPortrait UIInterfaceOrientationPortraitUpsideDown UIInterfaceOrientationLandscapeLeft UIInterfaceOrientationLandscapeRight";
				INFOPLIST_KEY_UISupportedInterfaceOrientations_iPhone = "UIInterfaceOrientationPortrait UIInterfaceOrientationLandscapeLeft UIInterfaceOrientationLandscapeRight";
				LD_RUNPATH_SEARCH_PATHS = (
					"$(inherited)",
					"@executable_path/Frameworks",
				);
				MARKETING_VERSION = 1.0;
				PRODUCT_BUNDLE_IDENTIFIER = "kyj.instagram-ios-duckduck";
				PRODUCT_NAME = "$(TARGET_NAME)";
				SWIFT_EMIT_LOC_STRINGS = YES;
				SWIFT_VERSION = 5.0;
				TARGETED_DEVICE_FAMILY = "1,2";
			};
			name = Release;
		};
/* End XCBuildConfiguration section */

/* Begin XCConfigurationList section */
		C755292C290CDE5B008B370A /* Build configuration list for PBXProject "instagram_ios_duckduck" */ = {
			isa = XCConfigurationList;
			buildConfigurations = (
				C7552943290CDE5F008B370A /* Debug */,
				C7552944290CDE5F008B370A /* Release */,
			);
			defaultConfigurationIsVisible = 0;
			defaultConfigurationName = Release;
		};
		C7552945290CDE5F008B370A /* Build configuration list for PBXNativeTarget "instagram_ios_duckduck" */ = {
			isa = XCConfigurationList;
			buildConfigurations = (
				C7552946290CDE5F008B370A /* Debug */,
				C7552947290CDE5F008B370A /* Release */,
			);
			defaultConfigurationIsVisible = 0;
			defaultConfigurationName = Release;
		};
/* End XCConfigurationList section */

/* Begin XCRemoteSwiftPackageReference section */
		C7955DF029152D3D00C58366 /* XCRemoteSwiftPackageReference "facebook-ios-sdk" */ = {
			isa = XCRemoteSwiftPackageReference;
			repositoryURL = "https://github.com/facebook/facebook-ios-sdk";
			requirement = {
				branch = main;
				kind = branch;
			};
		};
/* End XCRemoteSwiftPackageReference section */

/* Begin XCSwiftPackageProductDependency section */
		C7955DF129152D3D00C58366 /* FacebookLogin */ = {
			isa = XCSwiftPackageProductDependency;
			package = C7955DF029152D3D00C58366 /* XCRemoteSwiftPackageReference "facebook-ios-sdk" */;
			productName = FacebookLogin;
		};
/* End XCSwiftPackageProductDependency section */
	};
	rootObject = C7552929290CDE5B008B370A /* Project object */;
}
